Microsoft Visual Studio Solution File, Format Version 12.00
# Visual Studio Version 17
VisualStudioVersion = 17.5.2.0
MinimumVisualStudioVersion = 10.0.40219.1
Project("{FAE04EC0-301F-11D3-BF4B-00C04F79EFBC}") = "InventarioAPI", "InventarioAPI.csproj", "{A45AD372-069E-E7FB-B635-46BEB552385C}"
EndProject
Global
	GlobalSection(SolutionConfigurationPlatforms) = preSolution
		Debug|Any CPU = Debug|Any CPU
		Release|Any CPU = Release|Any CPU
	EndGlobalSection
	GlobalSection(ProjectConfigurationPlatforms) = postSolution
		{A45AD372-069E-E7FB-B635-46BEB552385C}.Debug|Any CPU.ActiveCfg = Debug|Any CPU
		{A45AD372-069E-E7FB-B635-46BEB552385C}.Debug|Any CPU.Build.0 = Debug|Any CPU
		{A45AD372-069E-E7FB-B635-46BEB552385C}.Release|Any CPU.ActiveCfg = Release|Any CPU
		{A45AD372-069E-E7FB-B635-46BEB552385C}.Release|Any CPU.Build.0 = Release|Any CPU
	EndGlobalSection
	GlobalSection(SolutionProperties) = preSolution
		HideSolutionNode = FALSE
	EndGlobalSection
	GlobalSection(ExtensibilityGlobals) = postSolution
		SolutionGuid = {AB99A3C8-F12A-4BE0-A9CD-41FA5422112B}
	EndGlobalSection
EndGlobal
